// !$*UTF8*$!
{
	archiveVersion = 1;
	classes = {
	};
	objectVersion = 50;
	objects = {

/* Begin PBXBuildFile section */
		0B93E30322EA01B10099C51A /* AppDelegate.swift in Sources */ = {isa = PBXBuildFile; fileRef = 0B93E30222EA01B10099C51A /* AppDelegate.swift */; };
		0B93E30522EA01B10099C51A /* ViewController.swift in Sources */ = {isa = PBXBuildFile; fileRef = 0B93E30422EA01B10099C51A /* ViewController.swift */; };
		0B93E30822EA01B20099C51A /* Main.storyboard in Resources */ = {isa = PBXBuildFile; fileRef = 0B93E30622EA01B10099C51A /* Main.storyboard */; };
		0B93E30A22EA01B30099C51A /* Assets.xcassets in Resources */ = {isa = PBXBuildFile; fileRef = 0B93E30922EA01B30099C51A /* Assets.xcassets */; };
		0B93E30D22EA01B30099C51A /* LaunchScreen.storyboard in Resources */ = {isa = PBXBuildFile; fileRef = 0B93E30B22EA01B30099C51A /* LaunchScreen.storyboard */; };
		0B93E31822EA01B30099C51A /* Stream_ClientTests.swift in Sources */ = {isa = PBXBuildFile; fileRef = 0B93E31722EA01B30099C51A /* Stream_ClientTests.swift */; };
		0B93E32322EA01B30099C51A /* Stream_ClientUITests.swift in Sources */ = {isa = PBXBuildFile; fileRef = 0B93E32222EA01B30099C51A /* Stream_ClientUITests.swift */; };
		0B93E33122EA03170099C51A /* StreamClient.swift in Sources */ = {isa = PBXBuildFile; fileRef = 0B93E33022EA03170099C51A /* StreamClient.swift */; };
		1E659EA5B3A66D3825A89BC0 /* libPods-Stream ClientUITests.a in Frameworks */ = {isa = PBXBuildFile; fileRef = F143B946846EF3B7245D08BA /* libPods-Stream ClientUITests.a */; };
		65E799FF75C11B58D524F8E1 /* libPods-Stream Client.a in Frameworks */ = {isa = PBXBuildFile; fileRef = CFA4E1C23EA055751768293B /* libPods-Stream Client.a */; };
		8785E8A5CB9B52E1804BD467 /* libPods-Stream ClientTests.a in Frameworks */ = {isa = PBXBuildFile; fileRef = F7BF11D46EB3E11BF7DB3A42 /* libPods-Stream ClientTests.a */; };
/* End PBXBuildFile section */

/* Begin PBXContainerItemProxy section */
		0B93E31422EA01B30099C51A /* PBXContainerItemProxy */ = {
			isa = PBXContainerItemProxy;
			containerPortal = 0B93E2F722EA01B10099C51A /* Project object */;
			proxyType = 1;
			remoteGlobalIDString = 0B93E2FE22EA01B10099C51A;
			remoteInfo = "Stream Client";
		};
		0B93E31F22EA01B30099C51A /* PBXContainerItemProxy */ = {
			isa = PBXContainerItemProxy;
			containerPortal = 0B93E2F722EA01B10099C51A /* Project object */;
			proxyType = 1;
			remoteGlobalIDString = 0B93E2FE22EA01B10099C51A;
			remoteInfo = "Stream Client";
		};
/* End PBXContainerItemProxy section */

/* Begin PBXFileReference section */
		0B93E2FF22EA01B10099C51A /* Stream Client.app */ = {isa = PBXFileReference; explicitFileType = wrapper.application; includeInIndex = 0; path = "Stream Client.app"; sourceTree = BUILT_PRODUCTS_DIR; };
		0B93E30222EA01B10099C51A /* AppDelegate.swift */ = {isa = PBXFileReference; lastKnownFileType = sourcecode.swift; path = AppDelegate.swift; sourceTree = "<group>"; };
		0B93E30422EA01B10099C51A /* ViewController.swift */ = {isa = PBXFileReference; lastKnownFileType = sourcecode.swift; path = ViewController.swift; sourceTree = "<group>"; };
		0B93E30722EA01B10099C51A /* Base */ = {isa = PBXFileReference; lastKnownFileType = file.storyboard; name = Base; path = Base.lproj/Main.storyboard; sourceTree = "<group>"; };
		0B93E30922EA01B30099C51A /* Assets.xcassets */ = {isa = PBXFileReference; lastKnownFileType = folder.assetcatalog; path = Assets.xcassets; sourceTree = "<group>"; };
		0B93E30C22EA01B30099C51A /* Base */ = {isa = PBXFileReference; lastKnownFileType = file.storyboard; name = Base; path = Base.lproj/LaunchScreen.storyboard; sourceTree = "<group>"; };
		0B93E30E22EA01B30099C51A /* Info.plist */ = {isa = PBXFileReference; lastKnownFileType = text.plist.xml; path = Info.plist; sourceTree = "<group>"; };
		0B93E31322EA01B30099C51A /* Stream ClientTests.xctest */ = {isa = PBXFileReference; explicitFileType = wrapper.cfbundle; includeInIndex = 0; path = "Stream ClientTests.xctest"; sourceTree = BUILT_PRODUCTS_DIR; };
		0B93E31722EA01B30099C51A /* Stream_ClientTests.swift */ = {isa = PBXFileReference; lastKnownFileType = sourcecode.swift; path = Stream_ClientTests.swift; sourceTree = "<group>"; };
		0B93E31922EA01B30099C51A /* Info.plist */ = {isa = PBXFileReference; lastKnownFileType = text.plist.xml; path = Info.plist; sourceTree = "<group>"; };
		0B93E31E22EA01B30099C51A /* Stream ClientUITests.xctest */ = {isa = PBXFileReference; explicitFileType = wrapper.cfbundle; includeInIndex = 0; path = "Stream ClientUITests.xctest"; sourceTree = BUILT_PRODUCTS_DIR; };
		0B93E32222EA01B30099C51A /* Stream_ClientUITests.swift */ = {isa = PBXFileReference; lastKnownFileType = sourcecode.swift; path = Stream_ClientUITests.swift; sourceTree = "<group>"; };
		0B93E32422EA01B40099C51A /* Info.plist */ = {isa = PBXFileReference; lastKnownFileType = text.plist.xml; path = Info.plist; sourceTree = "<group>"; };
		0B93E33022EA03170099C51A /* StreamClient.swift */ = {isa = PBXFileReference; lastKnownFileType = sourcecode.swift; path = StreamClient.swift; sourceTree = "<group>"; };
		38ED765D7F760762937A9A5D /* Pods-Stream ClientUITests.debug.xcconfig */ = {isa = PBXFileReference; includeInIndex = 1; lastKnownFileType = text.xcconfig; name = "Pods-Stream ClientUITests.debug.xcconfig"; path = "Pods/Target Support Files/Pods-Stream ClientUITests/Pods-Stream ClientUITests.debug.xcconfig"; sourceTree = "<group>"; };
		41F4C38B479B1A2C5FD84271 /* Pods-Stream ClientTests.debug.xcconfig */ = {isa = PBXFileReference; includeInIndex = 1; lastKnownFileType = text.xcconfig; name = "Pods-Stream ClientTests.debug.xcconfig"; path = "Pods/Target Support Files/Pods-Stream ClientTests/Pods-Stream ClientTests.debug.xcconfig"; sourceTree = "<group>"; };
		7452203A20B43121119D5E8C /* Pods-Stream ClientTests.release.xcconfig */ = {isa = PBXFileReference; includeInIndex = 1; lastKnownFileType = text.xcconfig; name = "Pods-Stream ClientTests.release.xcconfig"; path = "Pods/Target Support Files/Pods-Stream ClientTests/Pods-Stream ClientTests.release.xcconfig"; sourceTree = "<group>"; };
		80FBFB694D58589DF5662AC7 /* Pods-Stream ClientUITests.release.xcconfig */ = {isa = PBXFileReference; includeInIndex = 1; lastKnownFileType = text.xcconfig; name = "Pods-Stream ClientUITests.release.xcconfig"; path = "Pods/Target Support Files/Pods-Stream ClientUITests/Pods-Stream ClientUITests.release.xcconfig"; sourceTree = "<group>"; };
		CFA4E1C23EA055751768293B /* libPods-Stream Client.a */ = {isa = PBXFileReference; explicitFileType = archive.ar; includeInIndex = 0; path = "libPods-Stream Client.a"; sourceTree = BUILT_PRODUCTS_DIR; };
		DBE85292EBA8D865D7A1759E /* Pods-Stream Client.debug.xcconfig */ = {isa = PBXFileReference; includeInIndex = 1; lastKnownFileType = text.xcconfig; name = "Pods-Stream Client.debug.xcconfig"; path = "Pods/Target Support Files/Pods-Stream Client/Pods-Stream Client.debug.xcconfig"; sourceTree = "<group>"; };
		EE5412DAC5A1F5EE77EF3C07 /* Pods-Stream Client.release.xcconfig */ = {isa = PBXFileReference; includeInIndex = 1; lastKnownFileType = text.xcconfig; name = "Pods-Stream Client.release.xcconfig"; path = "Pods/Target Support Files/Pods-Stream Client/Pods-Stream Client.release.xcconfig"; sourceTree = "<group>"; };
		F143B946846EF3B7245D08BA /* libPods-Stream ClientUITests.a */ = {isa = PBXFileReference; explicitFileType = archive.ar; includeInIndex = 0; path = "libPods-Stream ClientUITests.a"; sourceTree = BUILT_PRODUCTS_DIR; };
		F7BF11D46EB3E11BF7DB3A42 /* libPods-Stream ClientTests.a */ = {isa = PBXFileReference; explicitFileType = archive.ar; includeInIndex = 0; path = "libPods-Stream ClientTests.a"; sourceTree = BUILT_PRODUCTS_DIR; };
/* End PBXFileReference section */

/* Begin PBXFrameworksBuildPhase section */
		0B93E2FC22EA01B10099C51A /* Frameworks */ = {
			isa = PBXFrameworksBuildPhase;
			buildActionMask = 2147483647;
			files = (
				65E799FF75C11B58D524F8E1 /* libPods-Stream Client.a in Frameworks */,
			);
			runOnlyForDeploymentPostprocessing = 0;
		};
		0B93E31022EA01B30099C51A /* Frameworks */ = {
			isa = PBXFrameworksBuildPhase;
			buildActionMask = 2147483647;
			files = (
				8785E8A5CB9B52E1804BD467 /* libPods-Stream ClientTests.a in Frameworks */,
			);
			runOnlyForDeploymentPostprocessing = 0;
		};
		0B93E31B22EA01B30099C51A /* Frameworks */ = {
			isa = PBXFrameworksBuildPhase;
			buildActionMask = 2147483647;
			files = (
				1E659EA5B3A66D3825A89BC0 /* libPods-Stream ClientUITests.a in Frameworks */,
			);
			runOnlyForDeploymentPostprocessing = 0;
		};
/* End PBXFrameworksBuildPhase section */

/* Begin PBXGroup section */
		0B93E2F622EA01B10099C51A = {
			isa = PBXGroup;
			children = (
				0B93E30122EA01B10099C51A /* Stream Client */,
				0B93E31622EA01B30099C51A /* Stream ClientTests */,
				0B93E32122EA01B30099C51A /* Stream ClientUITests */,
				0B93E30022EA01B10099C51A /* Products */,
				C8FE1D0DBA78326D0EF00256 /* Pods */,
				78D663DF0064D22A4701200F /* Frameworks */,
			);
			sourceTree = "<group>";
		};
		0B93E30022EA01B10099C51A /* Products */ = {
			isa = PBXGroup;
			children = (
				0B93E2FF22EA01B10099C51A /* Stream Client.app */,
				0B93E31322EA01B30099C51A /* Stream ClientTests.xctest */,
				0B93E31E22EA01B30099C51A /* Stream ClientUITests.xctest */,
			);
			name = Products;
			sourceTree = "<group>";
		};
		0B93E30122EA01B10099C51A /* Stream Client */ = {
			isa = PBXGroup;
			children = (
				0B93E30222EA01B10099C51A /* AppDelegate.swift */,
				0B93E30422EA01B10099C51A /* ViewController.swift */,
				0B93E30622EA01B10099C51A /* Main.storyboard */,
				0B93E30922EA01B30099C51A /* Assets.xcassets */,
				0B93E30B22EA01B30099C51A /* LaunchScreen.storyboard */,
				0B93E30E22EA01B30099C51A /* Info.plist */,
				0B93E33022EA03170099C51A /* StreamClient.swift */,
			);
			path = "Stream Client";
			sourceTree = "<group>";
		};
		0B93E31622EA01B30099C51A /* Stream ClientTests */ = {
			isa = PBXGroup;
			children = (
				0B93E31722EA01B30099C51A /* Stream_ClientTests.swift */,
				0B93E31922EA01B30099C51A /* Info.plist */,
			);
			path = "Stream ClientTests";
			sourceTree = "<group>";
		};
		0B93E32122EA01B30099C51A /* Stream ClientUITests */ = {
			isa = PBXGroup;
			children = (
				0B93E32222EA01B30099C51A /* Stream_ClientUITests.swift */,
				0B93E32422EA01B40099C51A /* Info.plist */,
			);
			path = "Stream ClientUITests";
			sourceTree = "<group>";
		};
		78D663DF0064D22A4701200F /* Frameworks */ = {
			isa = PBXGroup;
			children = (
				CFA4E1C23EA055751768293B /* libPods-Stream Client.a */,
				F7BF11D46EB3E11BF7DB3A42 /* libPods-Stream ClientTests.a */,
				F143B946846EF3B7245D08BA /* libPods-Stream ClientUITests.a */,
			);
			name = Frameworks;
			sourceTree = "<group>";
		};
		C8FE1D0DBA78326D0EF00256 /* Pods */ = {
			isa = PBXGroup;
			children = (
				DBE85292EBA8D865D7A1759E /* Pods-Stream Client.debug.xcconfig */,
				EE5412DAC5A1F5EE77EF3C07 /* Pods-Stream Client.release.xcconfig */,
				41F4C38B479B1A2C5FD84271 /* Pods-Stream ClientTests.debug.xcconfig */,
				7452203A20B43121119D5E8C /* Pods-Stream ClientTests.release.xcconfig */,
				38ED765D7F760762937A9A5D /* Pods-Stream ClientUITests.debug.xcconfig */,
				80FBFB694D58589DF5662AC7 /* Pods-Stream ClientUITests.release.xcconfig */,
			);
			name = Pods;
			sourceTree = "<group>";
		};
/* End PBXGroup section */

/* Begin PBXNativeTarget section */
		0B93E2FE22EA01B10099C51A /* Stream Client */ = {
			isa = PBXNativeTarget;
			buildConfigurationList = 0B93E32722EA01B40099C51A /* Build configuration list for PBXNativeTarget "Stream Client" */;
			buildPhases = (
				F886966FBFA7832E4669146A /* [CP] Check Pods Manifest.lock */,
				0B93E2FB22EA01B10099C51A /* Sources */,
				0B93E2FC22EA01B10099C51A /* Frameworks */,
				0B93E2FD22EA01B10099C51A /* Resources */,
			);
			buildRules = (
			);
			dependencies = (
			);
			name = "Stream Client";
			productName = "Stream Client";
			productReference = 0B93E2FF22EA01B10099C51A /* Stream Client.app */;
			productType = "com.apple.product-type.application";
		};
		0B93E31222EA01B30099C51A /* Stream ClientTests */ = {
			isa = PBXNativeTarget;
			buildConfigurationList = 0B93E32A22EA01B40099C51A /* Build configuration list for PBXNativeTarget "Stream ClientTests" */;
			buildPhases = (
				EA1F30A0133297875DAFC3A5 /* [CP] Check Pods Manifest.lock */,
				0B93E30F22EA01B30099C51A /* Sources */,
				0B93E31022EA01B30099C51A /* Frameworks */,
				0B93E31122EA01B30099C51A /* Resources */,
			);
			buildRules = (
			);
			dependencies = (
				0B93E31522EA01B30099C51A /* PBXTargetDependency */,
			);
			name = "Stream ClientTests";
			productName = "Stream ClientTests";
			productReference = 0B93E31322EA01B30099C51A /* Stream ClientTests.xctest */;
			productType = "com.apple.product-type.bundle.unit-test";
		};
		0B93E31D22EA01B30099C51A /* Stream ClientUITests */ = {
			isa = PBXNativeTarget;
			buildConfigurationList = 0B93E32D22EA01B40099C51A /* Build configuration list for PBXNativeTarget "Stream ClientUITests" */;
			buildPhases = (
				F8784D4E7B5D1765B5CC270D /* [CP] Check Pods Manifest.lock */,
				0B93E31A22EA01B30099C51A /* Sources */,
				0B93E31B22EA01B30099C51A /* Frameworks */,
				0B93E31C22EA01B30099C51A /* Resources */,
			);
			buildRules = (
			);
			dependencies = (
				0B93E32022EA01B30099C51A /* PBXTargetDependency */,
			);
			name = "Stream ClientUITests";
			productName = "Stream ClientUITests";
			productReference = 0B93E31E22EA01B30099C51A /* Stream ClientUITests.xctest */;
			productType = "com.apple.product-type.bundle.ui-testing";
		};
/* End PBXNativeTarget section */

/* Begin PBXProject section */
		0B93E2F722EA01B10099C51A /* Project object */ = {
			isa = PBXProject;
			attributes = {
				LastSwiftUpdateCheck = 1020;
				LastUpgradeCheck = 1020;
				ORGANIZATIONNAME = iambedoy;
				TargetAttributes = {
					0B93E2FE22EA01B10099C51A = {
						CreatedOnToolsVersion = 10.2;
					};
					0B93E31222EA01B30099C51A = {
						CreatedOnToolsVersion = 10.2;
						TestTargetID = 0B93E2FE22EA01B10099C51A;
					};
					0B93E31D22EA01B30099C51A = {
						CreatedOnToolsVersion = 10.2;
						TestTargetID = 0B93E2FE22EA01B10099C51A;
					};
				};
			};
			buildConfigurationList = 0B93E2FA22EA01B10099C51A /* Build configuration list for PBXProject "Stream Client" */;
			compatibilityVersion = "Xcode 9.3";
			developmentRegion = en;
			hasScannedForEncodings = 0;
			knownRegions = (
				en,
				Base,
			);
			mainGroup = 0B93E2F622EA01B10099C51A;
			productRefGroup = 0B93E30022EA01B10099C51A /* Products */;
			projectDirPath = "";
			projectRoot = "";
			targets = (
				0B93E2FE22EA01B10099C51A /* Stream Client */,
				0B93E31222EA01B30099C51A /* Stream ClientTests */,
				0B93E31D22EA01B30099C51A /* Stream ClientUITests */,
			);
		};
/* End PBXProject section */

/* Begin PBXResourcesBuildPhase section */
		0B93E2FD22EA01B10099C51A /* Resources */ = {
			isa = PBXResourcesBuildPhase;
			buildActionMask = 2147483647;
			files = (
				0B93E30D22EA01B30099C51A /* LaunchScreen.storyboard in Resources */,
				0B93E30A22EA01B30099C51A /* Assets.xcassets in Resources */,
				0B93E30822EA01B20099C51A /* Main.storyboard in Resources */,
			);
			runOnlyForDeploymentPostprocessing = 0;
		};
		0B93E31122EA01B30099C51A /* Resources */ = {
			isa = PBXResourcesBuildPhase;
			buildActionMask = 2147483647;
			files = (
			);
			runOnlyForDeploymentPostprocessing = 0;
		};
		0B93E31C22EA01B30099C51A /* Resources */ = {
			isa = PBXResourcesBuildPhase;
			buildActionMask = 2147483647;
			files = (
			);
			runOnlyForDeploymentPostprocessing = 0;
		};
/* End PBXResourcesBuildPhase section */

/* Begin PBXShellScriptBuildPhase section */
		EA1F30A0133297875DAFC3A5 /* [CP] Check Pods Manifest.lock */ = {
			isa = PBXShellScriptBuildPhase;
			buildActionMask = 2147483647;
			files = (
			);
			inputFileListPaths = (
			);
			inputPaths = (
				"${PODS_PODFILE_DIR_PATH}/Podfile.lock",
				"${PODS_ROOT}/Manifest.lock",
			);
			name = "[CP] Check Pods Manifest.lock";
			outputFileListPaths = (
			);
			outputPaths = (
				"$(DERIVED_FILE_DIR)/Pods-Stream ClientTests-checkManifestLockResult.txt",
			);
			runOnlyForDeploymentPostprocessing = 0;
			shellPath = /bin/sh;
			shellScript = "diff \"${PODS_PODFILE_DIR_PATH}/Podfile.lock\" \"${PODS_ROOT}/Manifest.lock\" > /dev/null\nif [ $? != 0 ] ; then\n    # print error to STDERR\n    echo \"error: The sandbox is not in sync with the Podfile.lock. Run 'pod install' or update your CocoaPods installation.\" >&2\n    exit 1\nfi\n# This output is used by Xcode 'outputs' to avoid re-running this script phase.\necho \"SUCCESS\" > \"${SCRIPT_OUTPUT_FILE_0}\"\n";
			showEnvVarsInLog = 0;
		};
		F8784D4E7B5D1765B5CC270D /* [CP] Check Pods Manifest.lock */ = {
			isa = PBXShellScriptBuildPhase;
			buildActionMask = 2147483647;
			files = (
			);
			inputFileListPaths = (
			);
			inputPaths = (
				"${PODS_PODFILE_DIR_PATH}/Podfile.lock",
				"${PODS_ROOT}/Manifest.lock",
			);
			name = "[CP] Check Pods Manifest.lock";
			outputFileListPaths = (
			);
			outputPaths = (
				"$(DERIVED_FILE_DIR)/Pods-Stream ClientUITests-checkManifestLockResult.txt",
			);
			runOnlyForDeploymentPostprocessing = 0;
			shellPath = /bin/sh;
			shellScript = "diff \"${PODS_PODFILE_DIR_PATH}/Podfile.lock\" \"${PODS_ROOT}/Manifest.lock\" > /dev/null\nif [ $? != 0 ] ; then\n    # print error to STDERR\n    echo \"error: The sandbox is not in sync with the Podfile.lock. Run 'pod install' or update your CocoaPods installation.\" >&2\n    exit 1\nfi\n# This output is used by Xcode 'outputs' to avoid re-running this script phase.\necho \"SUCCESS\" > \"${SCRIPT_OUTPUT_FILE_0}\"\n";
			showEnvVarsInLog = 0;
		};
		F886966FBFA7832E4669146A /* [CP] Check Pods Manifest.lock */ = {
			isa = PBXShellScriptBuildPhase;
			buildActionMask = 2147483647;
			files = (
			);
			inputFileListPaths = (
			);
			inputPaths = (
				"${PODS_PODFILE_DIR_PATH}/Podfile.lock",
				"${PODS_ROOT}/Manifest.lock",
			);
			name = "[CP] Check Pods Manifest.lock";
			outputFileListPaths = (
			);
			outputPaths = (
				"$(DERIVED_FILE_DIR)/Pods-Stream Client-checkManifestLockResult.txt",
			);
			runOnlyForDeploymentPostprocessing = 0;
			shellPath = /bin/sh;
			shellScript = "diff \"${PODS_PODFILE_DIR_PATH}/Podfile.lock\" \"${PODS_ROOT}/Manifest.lock\" > /dev/null\nif [ $? != 0 ] ; then\n    # print error to STDERR\n    echo \"error: The sandbox is not in sync with the Podfile.lock. Run 'pod install' or update your CocoaPods installation.\" >&2\n    exit 1\nfi\n# This output is used by Xcode 'outputs' to avoid re-running this script phase.\necho \"SUCCESS\" > \"${SCRIPT_OUTPUT_FILE_0}\"\n";
			showEnvVarsInLog = 0;
		};
/* End PBXShellScriptBuildPhase section */

/* Begin PBXSourcesBuildPhase section */
		0B93E2FB22EA01B10099C51A /* Sources */ = {
			isa = PBXSourcesBuildPhase;
			buildActionMask = 2147483647;
			files = (
				0B93E33122EA03170099C51A /* StreamClient.swift in Sources */,
				0B93E30522EA01B10099C51A /* ViewController.swift in Sources */,
				0B93E30322EA01B10099C51A /* AppDelegate.swift in Sources */,
			);
			runOnlyForDeploymentPostprocessing = 0;
		};
		0B93E30F22EA01B30099C51A /* Sources */ = {
			isa = PBXSourcesBuildPhase;
			buildActionMask = 2147483647;
			files = (
				0B93E31822EA01B30099C51A /* Stream_ClientTests.swift in Sources */,
			);
			runOnlyForDeploymentPostprocessing = 0;
		};
		0B93E31A22EA01B30099C51A /* Sources */ = {
			isa = PBXSourcesBuildPhase;
			buildActionMask = 2147483647;
			files = (
				0B93E32322EA01B30099C51A /* Stream_ClientUITests.swift in Sources */,
			);
			runOnlyForDeploymentPostprocessing = 0;
		};
/* End PBXSourcesBuildPhase section */

/* Begin PBXTargetDependency section */
		0B93E31522EA01B30099C51A /* PBXTargetDependency */ = {
			isa = PBXTargetDependency;
			target = 0B93E2FE22EA01B10099C51A /* Stream Client */;
			targetProxy = 0B93E31422EA01B30099C51A /* PBXContainerItemProxy */;
		};
		0B93E32022EA01B30099C51A /* PBXTargetDependency */ = {
			isa = PBXTargetDependency;
			target = 0B93E2FE22EA01B10099C51A /* Stream Client */;
			targetProxy = 0B93E31F22EA01B30099C51A /* PBXContainerItemProxy */;
		};
/* End PBXTargetDependency section */

/* Begin PBXVariantGroup section */
		0B93E30622EA01B10099C51A /* Main.storyboard */ = {
			isa = PBXVariantGroup;
			children = (
				0B93E30722EA01B10099C51A /* Base */,
			);
			name = Main.storyboard;
			sourceTree = "<group>";
		};
		0B93E30B22EA01B30099C51A /* LaunchScreen.storyboard */ = {
			isa = PBXVariantGroup;
			children = (
				0B93E30C22EA01B30099C51A /* Base */,
			);
			name = LaunchScreen.storyboard;
			sourceTree = "<group>";
		};
/* End PBXVariantGroup section */

/* Begin XCBuildConfiguration section */
		0B93E32522EA01B40099C51A /* Debug */ = {
			isa = XCBuildConfiguration;
			buildSettings = {
				ALWAYS_SEARCH_USER_PATHS = NO;
				CLANG_ANALYZER_NONNULL = YES;
				CLANG_ANALYZER_NUMBER_OBJECT_CONVERSION = YES_AGGRESSIVE;
				CLANG_CXX_LANGUAGE_STANDARD = "gnu++14";
				CLANG_CXX_LIBRARY = "libc++";
				CLANG_ENABLE_MODULES = YES;
				CLANG_ENABLE_OBJC_ARC = YES;
				CLANG_ENABLE_OBJC_WEAK = YES;
				CLANG_WARN_BLOCK_CAPTURE_AUTORELEASING = YES;
				CLANG_WARN_BOOL_CONVERSION = YES;
				CLANG_WARN_COMMA = YES;
				CLANG_WARN_CONSTANT_CONVERSION = YES;
				CLANG_WARN_DEPRECATED_OBJC_IMPLEMENTATIONS = YES;
				CLANG_WARN_DIRECT_OBJC_ISA_USAGE = YES_ERROR;
				CLANG_WARN_DOCUMENTATION_COMMENTS = YES;
				CLANG_WARN_EMPTY_BODY = YES;
				CLANG_WARN_ENUM_CONVERSION = YES;
				CLANG_WARN_INFINITE_RECURSION = YES;
				CLANG_WARN_INT_CONVERSION = YES;
				CLANG_WARN_NON_LITERAL_NULL_CONVERSION = YES;
				CLANG_WARN_OBJC_IMPLICIT_RETAIN_SELF = YES;
				CLANG_WARN_OBJC_LITERAL_CONVERSION = YES;
				CLANG_WARN_OBJC_ROOT_CLASS = YES_ERROR;
				CLANG_WARN_RANGE_LOOP_ANALYSIS = YES;
				CLANG_WARN_STRICT_PROTOTYPES = YES;
				CLANG_WARN_SUSPICIOUS_MOVE = YES;
				CLANG_WARN_UNGUARDED_AVAILABILITY = YES_AGGRESSIVE;
				CLANG_WARN_UNREACHABLE_CODE = YES;
				CLANG_WARN__DUPLICATE_METHOD_MATCH = YES;
				CODE_SIGN_IDENTITY = "iPhone Developer";
				COPY_PHASE_STRIP = NO;
				DEBUG_INFORMATION_FORMAT = dwarf;
				ENABLE_STRICT_OBJC_MSGSEND = YES;
				ENABLE_TESTABILITY = YES;
				GCC_C_LANGUAGE_STANDARD = gnu11;
				GCC_DYNAMIC_NO_PIC = NO;
				GCC_NO_COMMON_BLOCKS = YES;
				GCC_OPTIMIZATION_LEVEL = 0;
				GCC_PREPROCESSOR_DEFINITIONS = (
					"DEBUG=1",
					"$(inherited)",
				);
				GCC_WARN_64_TO_32_BIT_CONVERSION = YES;
				GCC_WARN_ABOUT_RETURN_TYPE = YES_ERROR;
				GCC_WARN_UNDECLARED_SELECTOR = YES;
				GCC_WARN_UNINITIALIZED_AUTOS = YES_AGGRESSIVE;
				GCC_WARN_UNUSED_FUNCTION = YES;
				GCC_WARN_UNUSED_VARIABLE = YES;
				IPHONEOS_DEPLOYMENT_TARGET = 12.2;
				MTL_ENABLE_DEBUG_INFO = INCLUDE_SOURCE;
				MTL_FAST_MATH = YES;
				ONLY_ACTIVE_ARCH = YES;
				SDKROOT = iphoneos;
				SWIFT_ACTIVE_COMPILATION_CONDITIONS = DEBUG;
				SWIFT_OPTIMIZATION_LEVEL = "-Onone";
			};
			name = Debug;
		};
		0B93E32622EA01B40099C51A /* Release */ = {
			isa = XCBuildConfiguration;
			buildSettings = {
				ALWAYS_SEARCH_USER_PATHS = NO;
				CLANG_ANALYZER_NONNULL = YES;
				CLANG_ANALYZER_NUMBER_OBJECT_CONVERSION = YES_AGGRESSIVE;
				CLANG_CXX_LANGUAGE_STANDARD = "gnu++14";
				CLANG_CXX_LIBRARY = "libc++";
				CLANG_ENABLE_MODULES = YES;
				CLANG_ENABLE_OBJC_ARC = YES;
				CLANG_ENABLE_OBJC_WEAK = YES;
				CLANG_WARN_BLOCK_CAPTURE_AUTORELEASING = YES;
				CLANG_WARN_BOOL_CONVERSION = YES;
				CLANG_WARN_COMMA = YES;
				CLANG_WARN_CONSTANT_CONVERSION = YES;
				CLANG_WARN_DEPRECATED_OBJC_IMPLEMENTATIONS = YES;
				CLANG_WARN_DIRECT_OBJC_ISA_USAGE = YES_ERROR;
				CLANG_WARN_DOCUMENTATION_COMMENTS = YES;
				CLANG_WARN_EMPTY_BODY = YES;
				CLANG_WARN_ENUM_CONVERSION = YES;
				CLANG_WARN_INFINITE_RECURSION = YES;
				CLANG_WARN_INT_CONVERSION = YES;
				CLANG_WARN_NON_LITERAL_NULL_CONVERSION = YES;
				CLANG_WARN_OBJC_IMPLICIT_RETAIN_SELF = YES;
				CLANG_WARN_OBJC_LITERAL_CONVERSION = YES;
				CLANG_WARN_OBJC_ROOT_CLASS = YES_ERROR;
				CLANG_WARN_RANGE_LOOP_ANALYSIS = YES;
				CLANG_WARN_STRICT_PROTOTYPES = YES;
				CLANG_WARN_SUSPICIOUS_MOVE = YES;
				CLANG_WARN_UNGUARDED_AVAILABILITY = YES_AGGRESSIVE;
				CLANG_WARN_UNREACHABLE_CODE = YES;
				CLANG_WARN__DUPLICATE_METHOD_MATCH = YES;
				CODE_SIGN_IDENTITY = "iPhone Developer";
				COPY_PHASE_STRIP = NO;
				DEBUG_INFORMATION_FORMAT = "dwarf-with-dsym";
				ENABLE_NS_ASSERTIONS = NO;
				ENABLE_STRICT_OBJC_MSGSEND = YES;
				GCC_C_LANGUAGE_STANDARD = gnu11;
				GCC_NO_COMMON_BLOCKS = YES;
				GCC_WARN_64_TO_32_BIT_CONVERSION = YES;
				GCC_WARN_ABOUT_RETURN_TYPE = YES_ERROR;
				GCC_WARN_UNDECLARED_SELECTOR = YES;
				GCC_WARN_UNINITIALIZED_AUTOS = YES_AGGRESSIVE;
				GCC_WARN_UNUSED_FUNCTION = YES;
				GCC_WARN_UNUSED_VARIABLE = YES;
				IPHONEOS_DEPLOYMENT_TARGET = 12.2;
				MTL_ENABLE_DEBUG_INFO = NO;
				MTL_FAST_MATH = YES;
				SDKROOT = iphoneos;
				SWIFT_COMPILATION_MODE = wholemodule;
				SWIFT_OPTIMIZATION_LEVEL = "-O";
				VALIDATE_PRODUCT = YES;
			};
			name = Release;
		};
		0B93E32822EA01B40099C51A /* Debug */ = {
			isa = XCBuildConfiguration;
			baseConfigurationReference = DBE85292EBA8D865D7A1759E /* Pods-Stream Client.debug.xcconfig */;
			buildSettings = {
				ASSETCATALOG_COMPILER_APPICON_NAME = AppIcon;
				CODE_SIGN_STYLE = Automatic;
				DEVELOPMENT_TEAM = 672KJHQEMD;
				INFOPLIST_FILE = "Stream Client/Info.plist";
				LD_RUNPATH_SEARCH_PATHS = (
					"$(inherited)",
					"@executable_path/Frameworks",
				);
				PRODUCT_BUNDLE_IDENTIFIER = "iambedoy.Stream-Client";
				PRODUCT_NAME = "$(TARGET_NAME)";
				SWIFT_VERSION = 4.0;
				TARGETED_DEVICE_FAMILY = "1,2";
			};
			name = Debug;
		};
		0B93E32922EA01B40099C51A /* Release */ = {
			isa = XCBuildConfiguration;
			baseConfigurationReference = EE5412DAC5A1F5EE77EF3C07 /* Pods-Stream Client.release.xcconfig */;
			buildSettings = {
				ASSETCATALOG_COMPILER_APPICON_NAME = AppIcon;
				CODE_SIGN_STYLE = Automatic;
				DEVELOPMENT_TEAM = 672KJHQEMD;
				INFOPLIST_FILE = "Stream Client/Info.plist";
				LD_RUNPATH_SEARCH_PATHS = (
					"$(inherited)",
					"@executable_path/Frameworks",
				);
				PRODUCT_BUNDLE_IDENTIFIER = "iambedoy.Stream-Client";
				PRODUCT_NAME = "$(TARGET_NAME)";
				SWIFT_VERSION = 4.0;
				TARGETED_DEVICE_FAMILY = "1,2";
			};
			name = Release;
		};
		0B93E32B22EA01B40099C51A /* Debug */ = {
			isa = XCBuildConfiguration;
			baseConfigurationReference = 41F4C38B479B1A2C5FD84271 /* Pods-Stream ClientTests.debug.xcconfig */;
			buildSettings = {
				ALWAYS_EMBED_SWIFT_STANDARD_LIBRARIES = YES;
				BUNDLE_LOADER = "$(TEST_HOST)";
				CODE_SIGN_STYLE = Automatic;
				DEVELOPMENT_TEAM = 672KJHQEMD;
				INFOPLIST_FILE = "Stream ClientTests/Info.plist";
				LD_RUNPATH_SEARCH_PATHS = (
					"$(inherited)",
					"@executable_path/Frameworks",
					"@loader_path/Frameworks",
				);
				PRODUCT_BUNDLE_IDENTIFIER = "iambedoy.Stream-ClientTests";
				PRODUCT_NAME = "$(TARGET_NAME)";
				SWIFT_VERSION = 5.0;
				TARGETED_DEVICE_FAMILY = "1,2";
				TEST_HOST = "$(BUILT_PRODUCTS_DIR)/Stream Client.app/Stream Client";
			};
			name = Debug;
		};
		0B93E32C22EA01B40099C51A /* Release */ = {
			isa = XCBuildConfiguration;
			baseConfigurationReference = 7452203A20B43121119D5E8C /* Pods-Stream ClientTests.release.xcconfig */;
			buildSettings = {
				ALWAYS_EMBED_SWIFT_STANDARD_LIBRARIES = YES;
				BUNDLE_LOADER = "$(TEST_HOST)";
				CODE_SIGN_STYLE = Automatic;
				DEVELOPMENT_TEAM = 672KJHQEMD;
				INFOPLIST_FILE = "Stream ClientTests/Info.plist";
				LD_RUNPATH_SEARCH_PATHS = (
					"$(inherited)",
					"@executable_path/Frameworks",
					"@loader_path/Frameworks",
				);
				PRODUCT_BUNDLE_IDENTIFIER = "iambedoy.Stream-ClientTests";
				PRODUCT_NAME = "$(TARGET_NAME)";
				SWIFT_VERSION = 5.0;
				TARGETED_DEVICE_FAMILY = "1,2";
				TEST_HOST = "$(BUILT_PRODUCTS_DIR)/Stream Client.app/Stream Client";
			};
			name = Release;
		};
		0B93E32E22EA01B40099C51A /* Debug */ = {
			isa = XCBuildConfiguration;
			baseConfigurationReference = 38ED765D7F760762937A9A5D /* Pods-Stream ClientUITests.debug.xcconfig */;
			buildSettings = {
				ALWAYS_EMBED_SWIFT_STANDARD_LIBRARIES = YES;
				CODE_SIGN_STYLE = Automatic;
				DEVELOPMENT_TEAM = 672KJHQEMD;
				INFOPLIST_FILE = "Stream ClientUITests/Info.plist";
				LD_RUNPATH_SEARCH_PATHS = (
					"$(inherited)",
					"@executable_path/Frameworks",
					"@loader_path/Frameworks",
				);
				PRODUCT_BUNDLE_IDENTIFIER = "iambedoy.Stream-ClientUITests";
				PRODUCT_NAME = "$(TARGET_NAME)";
				SWIFT_VERSION = 5.0;
				TARGETED_DEVICE_FAMILY = "1,2";
				TEST_TARGET_NAME = "Stream Client";
			};
			name = Debug;
		};
		0B93E32F22EA01B40099C51A /* Release */ = {
			isa = XCBuildConfiguration;
			baseConfigurationReference = 80FBFB694D58589DF5662AC7 /* Pods-Stream ClientUITests.release.xcconfig */;
			buildSettings = {
				ALWAYS_EMBED_SWIFT_STANDARD_LIBRARIES = YES;
				CODE_SIGN_STYLE = Automatic;
				DEVELOPMENT_TEAM = 672KJHQEMD;
				INFOPLIST_FILE = "Stream ClientUITests/Info.plist";
				LD_RUNPATH_SEARCH_PATHS = (
					"$(inherited)",
					"@executable_path/Frameworks",
					"@loader_path/Frameworks",
				);
				PRODUCT_BUNDLE_IDENTIFIER = "iambedoy.Stream-ClientUITests";
				PRODUCT_NAME = "$(TARGET_NAME)";
				SWIFT_VERSION = 5.0;
				TARGETED_DEVICE_FAMILY = "1,2";
				TEST_TARGET_NAME = "Stream Client";
			};
			name = Release;
		};
/* End XCBuildConfiguration section */

/* Begin XCConfigurationList section */
		0B93E2FA22EA01B10099C51A /* Build configuration list for PBXProject "Stream Client" */ = {
			isa = XCConfigurationList;
			buildConfigurations = (
				0B93E32522EA01B40099C51A /* Debug */,
				0B93E32622EA01B40099C51A /* Release */,
			);
			defaultConfigurationIsVisible = 0;
			defaultConfigurationName = Release;
		};
		0B93E32722EA01B40099C51A /* Build configuration list for PBXNativeTarget "Stream Client" */ = {
			isa = XCConfigurationList;
			buildConfigurations = (
				0B93E32822EA01B40099C51A /* Debug */,
				0B93E32922EA01B40099C51A /* Release */,
			);
			defaultConfigurationIsVisible = 0;
			defaultConfigurationName = Release;
		};
		0B93E32A22EA01B40099C51A /* Build configuration list for PBXNativeTarget "Stream ClientTests" */ = {
			isa = XCConfigurationList;
			buildConfigurations = (
				0B93E32B22EA01B40099C51A /* Debug */,
				0B93E32C22EA01B40099C51A /* Release */,
			);
			defaultConfigurationIsVisible = 0;
			defaultConfigurationName = Release;
		};
		0B93E32D22EA01B40099C51A /* Build configuration list for PBXNativeTarget "Stream ClientUITests" */ = {
			isa = XCConfigurationList;
			buildConfigurations = (
				0B93E32E22EA01B40099C51A /* Debug */,
				0B93E32F22EA01B40099C51A /* Release */,
			);
			defaultConfigurationIsVisible = 0;
			defaultConfigurationName = Release;
		};
/* End XCConfigurationList section */
	};
	rootObject = 0B93E2F722EA01B10099C51A /* Project object */;
}
